
Microsoft Visual Studio Solution File, Format Version 12.00
# Visual Studio Version 17
VisualStudioVersion = 17.11.35327.3
MinimumVisualStudioVersion = 10.0.40219.1
Project("{FAE04EC0-301F-11D3-BF4B-00C04F79EFBC}") = "WinFormsApp1", "WinFormsApp1\WinFormsApp1.csproj", "{50DD2FA3-A7CA-4A75-83FF-C327AFC387BC}"
EndProject
Global
	GlobalSection(SolutionConfigurationPlatforms) = preSolution
		Debug|Any CPU = Debug|Any CPU
		Release|Any CPU = Release|Any CPU
	EndGlobalSection
	GlobalSection(ProjectConfigurationPlatforms) = postSolution
		{50DD2FA3-A7CA-4A75-83FF-C327AFC387BC}.Debug|Any CPU.ActiveCfg = Debug|Any CPU
		{50DD2FA3-A7CA-4A75-83FF-C327AFC387BC}.Debug|Any CPU.Build.0 = Debug|Any CPU
		{50DD2FA3-A7CA-4A75-83FF-C327AFC387BC}.Release|Any CPU.ActiveCfg = Release|Any CPU
		{50DD2FA3-A7CA-4A75-83FF-C327AFC387BC}.Release|Any CPU.Build.0 = Release|Any CPU
	EndGlobalSection
	GlobalSection(SolutionProperties) = preSolution
		HideSolutionNode = FALSE
	EndGlobalSection
	GlobalSection(ExtensibilityGlobals) = postSolution
		SolutionGuid = {CEC8393D-CE3D-43D5-B8E8-C93276371F3F}
	EndGlobalSection
EndGlobal
